
Microsoft Visual Studio Solution File, Format Version 12.00
# Visual Studio Version 17
VisualStudioVersion = 17.8.34511.84
MinimumVisualStudioVersion = 10.0.40219.1
Project("{FAE04EC0-301F-11D3-BF4B-00C04F79EFBC}") = "Banca.API", "Banca.API\Banca.API.csproj", "{80EABB56-61D1-4129-8C68-804BEF1A350E}"
EndProject
Project("{FAE04EC0-301F-11D3-BF4B-00C04F79EFBC}") = "Banca.Application", "Banca.Application\Banca.Application.csproj", "{532553E2-2766-4B8E-9E14-18BBA0B633ED}"
EndProject
Global
	GlobalSection(SolutionConfigurationPlatforms) = preSolution
		Debug|Any CPU = Debug|Any CPU
		Release|Any CPU = Release|Any CPU
	EndGlobalSection
	GlobalSection(ProjectConfigurationPlatforms) = postSolution
		{80EABB56-61D1-4129-8C68-804BEF1A350E}.Debug|Any CPU.ActiveCfg = Debug|Any CPU
		{80EABB56-61D1-4129-8C68-804BEF1A350E}.Debug|Any CPU.Build.0 = Debug|Any CPU
		{80EABB56-61D1-4129-8C68-804BEF1A350E}.Release|Any CPU.ActiveCfg = Release|Any CPU
		{80EABB56-61D1-4129-8C68-804BEF1A350E}.Release|Any CPU.Build.0 = Release|Any CPU
		{532553E2-2766-4B8E-9E14-18BBA0B633ED}.Debug|Any CPU.ActiveCfg = Debug|Any CPU
		{532553E2-2766-4B8E-9E14-18BBA0B633ED}.Debug|Any CPU.Build.0 = Debug|Any CPU
		{532553E2-2766-4B8E-9E14-18BBA0B633ED}.Release|Any CPU.ActiveCfg = Release|Any CPU
		{532553E2-2766-4B8E-9E14-18BBA0B633ED}.Release|Any CPU.Build.0 = Release|Any CPU
	EndGlobalSection
	GlobalSection(SolutionProperties) = preSolution
		HideSolutionNode = FALSE
	EndGlobalSection
	GlobalSection(ExtensibilityGlobals) = postSolution
		SolutionGuid = {E2FCB51A-4E48-4E27-96BA-1259394AD17D}
	EndGlobalSection
EndGlobal
